{
  "name": "dynamodb-json-to-json",
  "version": "1.0.1",
  "lockfileVersion": 2,
  "requires": true,
  "packages": {
    "": {
      "name": "dynamodb-json-to-json",
      "version": "1.0.1",
      "license": "ISC",
      "dependencies": {
        "@aws-sdk/util-dynamodb": "^3.40.0",
        "graceful-fs": "^4.2.8"
      }
    },
    "node_modules/@aws-sdk/util-dynamodb": {
      "version": "3.40.0",
      "resolved": "https://registry.npmjs.org/@aws-sdk/util-dynamodb/-/util-dynamodb-3.40.0.tgz",
      "integrity": "sha512-WwTFyLMV2c+VCIc1Hj9VL4vVYyB4DhpurrJksd4LhC5nIfieo1oUIeQ4arDnd1ZthyGlDX+91Jf2vzUkLG1nKg==",
      "dependencies": {
        "tslib": "^2.3.0"
      },
      "engines": {
        "node": ">= 10.0.0"
      }
    },
    "node_modules/graceful-fs": {
      "version": "4.2.8",
      "resolved": "https://registry.npmjs.org/graceful-fs/-/graceful-fs-4.2.8.tgz",
      "integrity": "sha512-qkIilPUYcNhJpd33n0GBXTB1MMPp14TxEsEs0pTrsSVucApsYzW5V+Q8Qxhik6KU3evy+qkAAowTByymK0avdg=="
    },
    "node_modules/tslib": {
      "version": "2.3.1",
      "resolved": "https://registry.npmjs.org/tslib/-/tslib-2.3.1.tgz",
      "integrity": "sha512-77EbyPPpMz+FRFRuAFlWMtmgUWGe9UOG2Z25NqCwiIjRhOf5iKGuzSe5P2w1laq+FkRy4p+PCuVkJSGkzTEKVw=="
    }
  },
  "dependencies": {
    "@aws-sdk/util-dynamodb": {
      "version": "3.40.0",
      "resolved": "https://registry.npmjs.org/@aws-sdk/util-dynamodb/-/util-dynamodb-3.40.0.tgz",
      "integrity": "sha512-WwTFyLMV2c+VCIc1Hj9VL4vVYyB4DhpurrJksd4LhC5nIfieo1oUIeQ4arDnd1ZthyGlDX+91Jf2vzUkLG1nKg==",
      "requires": {
        "tslib": "^2.3.0"
      }
    },
    "graceful-fs": {
      "version": "4.2.8",
      "resolved": "https://registry.npmjs.org/graceful-fs/-/graceful-fs-4.2.8.tgz",
      "integrity": "sha512-qkIilPUYcNhJpd33n0GBXTB1MMPp14TxEsEs0pTrsSVucApsYzW5V+Q8Qxhik6KU3evy+qkAAowTByymK0avdg=="
    },
    "tslib": {
      "version": "2.3.1",
      "resolved": "https://registry.npmjs.org/tslib/-/tslib-2.3.1.tgz",
      "integrity": "sha512-77EbyPPpMz+FRFRuAFlWMtmgUWGe9UOG2Z25NqCwiIjRhOf5iKGuzSe5P2w1laq+FkRy4p+PCuVkJSGkzTEKVw=="
    }
  }
}
